
Microsoft Visual Studio Solution File, Format Version 12.00
# Visual Studio Version 16
VisualStudioVersion = 16.0.30804.86
MinimumVisualStudioVersion = 10.0.40219.1
Project("{FAE04EC0-301F-11D3-BF4B-00C04F79EFBC}") = "ManagentionStudent", "ManagentionStudent\ManagentionStudent.csproj", "{11504FB7-1D6F-4D25-A7D6-ECC4E6605252}"
	ProjectSection(ProjectDependencies) = postProject
		{6FDC80E4-F31A-4BA2-BFE9-5893BC2D0058} = {6FDC80E4-F31A-4BA2-BFE9-5893BC2D0058}
	EndProjectSection
EndProject
Project("{E24C65DC-7377-472B-9ABA-BC803B73C61A}") = "StudentService", "StudentService\", "{6FDC80E4-F31A-4BA2-BFE9-5893BC2D0058}"
	ProjectSection(WebsiteProperties) = preProject
		TargetFrameworkMoniker = ".NETFramework,Version%3Dv4.7.2"
		Debug.AspNetCompiler.VirtualPath = "/localhost_59472"
		Debug.AspNetCompiler.PhysicalPath = "StudentService\"
		Debug.AspNetCompiler.TargetPath = "PrecompiledWeb\localhost_59472\"
		Debug.AspNetCompiler.Updateable = "true"
		Debug.AspNetCompiler.ForceOverwrite = "true"
		Debug.AspNetCompiler.FixedNames = "false"
		Debug.AspNetCompiler.Debug = "True"
		Release.AspNetCompiler.VirtualPath = "/localhost_59472"
		Release.AspNetCompiler.PhysicalPath = "StudentService\"
		Release.AspNetCompiler.TargetPath = "PrecompiledWeb\localhost_59472\"
		Release.AspNetCompiler.Updateable = "true"
		Release.AspNetCompiler.ForceOverwrite = "true"
		Release.AspNetCompiler.FixedNames = "false"
		Release.AspNetCompiler.Debug = "False"
		VWDPort = "59472"
		SlnRelativePath = "StudentService\"
		DefaultWebSiteLanguage = "Visual C#"
	EndProjectSection
EndProject
Global
	GlobalSection(SolutionConfigurationPlatforms) = preSolution
		Debug|Any CPU = Debug|Any CPU
		Release|Any CPU = Release|Any CPU
	EndGlobalSection
	GlobalSection(ProjectConfigurationPlatforms) = postSolution
		{11504FB7-1D6F-4D25-A7D6-ECC4E6605252}.Debug|Any CPU.ActiveCfg = Debug|Any CPU
		{11504FB7-1D6F-4D25-A7D6-ECC4E6605252}.Debug|Any CPU.Build.0 = Debug|Any CPU
		{11504FB7-1D6F-4D25-A7D6-ECC4E6605252}.Release|Any CPU.ActiveCfg = Release|Any CPU
		{11504FB7-1D6F-4D25-A7D6-ECC4E6605252}.Release|Any CPU.Build.0 = Release|Any CPU
		{6FDC80E4-F31A-4BA2-BFE9-5893BC2D0058}.Debug|Any CPU.ActiveCfg = Debug|Any CPU
		{6FDC80E4-F31A-4BA2-BFE9-5893BC2D0058}.Debug|Any CPU.Build.0 = Debug|Any CPU
		{6FDC80E4-F31A-4BA2-BFE9-5893BC2D0058}.Release|Any CPU.ActiveCfg = Debug|Any CPU
		{6FDC80E4-F31A-4BA2-BFE9-5893BC2D0058}.Release|Any CPU.Build.0 = Debug|Any CPU
	EndGlobalSection
	GlobalSection(SolutionProperties) = preSolution
		HideSolutionNode = FALSE
	EndGlobalSection
	GlobalSection(ExtensibilityGlobals) = postSolution
		SolutionGuid = {35B79229-C2D8-4D72-B479-C027F2920186}
	EndGlobalSection
EndGlobal
